
Microsoft Visual Studio Solution File, Format Version 12.00
# Visual Studio 15
VisualStudioVersion = 15.0.28010.2050
MinimumVisualStudioVersion = 10.0.40219.1
Project("{2150E333-8FDC-42A3-9474-1A3956D46DE8}") = "Data", "Data", "{EA3591DC-C894-4D14-99DF-610B8BA3BD64}"
EndProject
Project("{2150E333-8FDC-42A3-9474-1A3956D46DE8}") = "Service", "Service", "{76659F5D-203F-49A1-9021-DBF161770C85}"
EndProject
Project("{2150E333-8FDC-42A3-9474-1A3956D46DE8}") = "Repository", "Repository", "{849A67A6-C36D-443D-A478-AA25D4DBEA43}"
EndProject
Project("{2150E333-8FDC-42A3-9474-1A3956D46DE8}") = "Web", "Web", "{F78B8AA1-3678-4B66-B678-DB37E6DF6CD1}"
EndProject
Project("{2150E333-8FDC-42A3-9474-1A3956D46DE8}") = "Common", "Common", "{CFBCD30D-5D7E-4959-9B37-B3117B604681}"
EndProject
Project("{2150E333-8FDC-42A3-9474-1A3956D46DE8}") = "_docs", "_docs", "{1CAA454A-530C-41C2-8596-6AF347AC9AAD}"
	ProjectSection(SolutionItems) = preProject
		README.md = README.md
		doc\项目锦囊.md = doc\项目锦囊.md
	EndProjectSection
EndProject
Project("{2150E333-8FDC-42A3-9474-1A3956D46DE8}") = "Vsix", "Vsix", "{C0A2D588-48BB-4833-9A1F-CF164DD662E5}"
EndProject
Project("{FAE04EC0-301F-11D3-BF4B-00C04F79EFBC}") = "Quick.Common", "src\Quick.Common\Quick.Common.csproj", "{E080FDE1-20AC-4F11-BF48-6E85B21649DC}"
EndProject
Project("{FAE04EC0-301F-11D3-BF4B-00C04F79EFBC}") = "Quick.IRepository", "src\Quick.IRepository\Quick.IRepository.csproj", "{84F07198-A80C-43D3-A8C9-0051B615CF1D}"
EndProject
Project("{FAE04EC0-301F-11D3-BF4B-00C04F79EFBC}") = "Quick.IService", "src\Quick.IService\Quick.IService.csproj", "{D6151EDE-69FD-478D-8180-F89718FC2CD2}"
EndProject
Project("{FAE04EC0-301F-11D3-BF4B-00C04F79EFBC}") = "Quick.Models", "src\Quick.Models\Quick.Models.csproj", "{E4B57CFA-07B1-40B1-A5DE-3DEAC53902E3}"
EndProject
Project("{FAE04EC0-301F-11D3-BF4B-00C04F79EFBC}") = "Quick.Repository", "src\Quick.Repository\Quick.Repository.csproj", "{DFB4A254-1B0E-4388-B8A9-BE837789BF18}"
EndProject
Project("{FAE04EC0-301F-11D3-BF4B-00C04F79EFBC}") = "Quick.Service", "src\Quick.Service\Quick.Service.csproj", "{12F285B2-8EF5-4706-BC89-643C5627D548}"
EndProject
Project("{FAE04EC0-301F-11D3-BF4B-00C04F79EFBC}") = "QuickWeb", "src\QuickWeb\QuickWeb.csproj", "{5587F64C-F733-4DFA-A475-D9EBA9084486}"
EndProject
Project("{FAE04EC0-301F-11D3-BF4B-00C04F79EFBC}") = "QuickWeb.Vsix", "src\QuickWeb.Vsix\QuickWeb.Vsix.csproj", "{FDEB0F30-54D8-47A3-B581-721AB7BE0FC0}"
EndProject
Global
	GlobalSection(SolutionConfigurationPlatforms) = preSolution
		Debug|Any CPU = Debug|Any CPU
		Release|Any CPU = Release|Any CPU
	EndGlobalSection
	GlobalSection(ProjectConfigurationPlatforms) = postSolution
		{E080FDE1-20AC-4F11-BF48-6E85B21649DC}.Debug|Any CPU.ActiveCfg = Debug|Any CPU
		{E080FDE1-20AC-4F11-BF48-6E85B21649DC}.Debug|Any CPU.Build.0 = Debug|Any CPU
		{E080FDE1-20AC-4F11-BF48-6E85B21649DC}.Release|Any CPU.ActiveCfg = Release|Any CPU
		{E080FDE1-20AC-4F11-BF48-6E85B21649DC}.Release|Any CPU.Build.0 = Release|Any CPU
		{84F07198-A80C-43D3-A8C9-0051B615CF1D}.Debug|Any CPU.ActiveCfg = Debug|Any CPU
		{84F07198-A80C-43D3-A8C9-0051B615CF1D}.Debug|Any CPU.Build.0 = Debug|Any CPU
		{84F07198-A80C-43D3-A8C9-0051B615CF1D}.Release|Any CPU.ActiveCfg = Release|Any CPU
		{84F07198-A80C-43D3-A8C9-0051B615CF1D}.Release|Any CPU.Build.0 = Release|Any CPU
		{D6151EDE-69FD-478D-8180-F89718FC2CD2}.Debug|Any CPU.ActiveCfg = Debug|Any CPU
		{D6151EDE-69FD-478D-8180-F89718FC2CD2}.Debug|Any CPU.Build.0 = Debug|Any CPU
		{D6151EDE-69FD-478D-8180-F89718FC2CD2}.Release|Any CPU.ActiveCfg = Release|Any CPU
		{D6151EDE-69FD-478D-8180-F89718FC2CD2}.Release|Any CPU.Build.0 = Release|Any CPU
		{E4B57CFA-07B1-40B1-A5DE-3DEAC53902E3}.Debug|Any CPU.ActiveCfg = Debug|Any CPU
		{E4B57CFA-07B1-40B1-A5DE-3DEAC53902E3}.Debug|Any CPU.Build.0 = Debug|Any CPU
		{E4B57CFA-07B1-40B1-A5DE-3DEAC53902E3}.Release|Any CPU.ActiveCfg = Release|Any CPU
		{E4B57CFA-07B1-40B1-A5DE-3DEAC53902E3}.Release|Any CPU.Build.0 = Release|Any CPU
		{DFB4A254-1B0E-4388-B8A9-BE837789BF18}.Debug|Any CPU.ActiveCfg = Debug|Any CPU
		{DFB4A254-1B0E-4388-B8A9-BE837789BF18}.Debug|Any CPU.Build.0 = Debug|Any CPU
		{DFB4A254-1B0E-4388-B8A9-BE837789BF18}.Release|Any CPU.ActiveCfg = Release|Any CPU
		{DFB4A254-1B0E-4388-B8A9-BE837789BF18}.Release|Any CPU.Build.0 = Release|Any CPU
		{12F285B2-8EF5-4706-BC89-643C5627D548}.Debug|Any CPU.ActiveCfg = Debug|Any CPU
		{12F285B2-8EF5-4706-BC89-643C5627D548}.Debug|Any CPU.Build.0 = Debug|Any CPU
		{12F285B2-8EF5-4706-BC89-643C5627D548}.Release|Any CPU.ActiveCfg = Release|Any CPU
		{12F285B2-8EF5-4706-BC89-643C5627D548}.Release|Any CPU.Build.0 = Release|Any CPU
		{5587F64C-F733-4DFA-A475-D9EBA9084486}.Debug|Any CPU.ActiveCfg = Debug|Any CPU
		{5587F64C-F733-4DFA-A475-D9EBA9084486}.Debug|Any CPU.Build.0 = Debug|Any CPU
		{5587F64C-F733-4DFA-A475-D9EBA9084486}.Release|Any CPU.ActiveCfg = Release|Any CPU
		{5587F64C-F733-4DFA-A475-D9EBA9084486}.Release|Any CPU.Build.0 = Release|Any CPU
		{FDEB0F30-54D8-47A3-B581-721AB7BE0FC0}.Debug|Any CPU.ActiveCfg = Debug|Any CPU
		{FDEB0F30-54D8-47A3-B581-721AB7BE0FC0}.Debug|Any CPU.Build.0 = Debug|Any CPU
		{FDEB0F30-54D8-47A3-B581-721AB7BE0FC0}.Release|Any CPU.ActiveCfg = Release|Any CPU
		{FDEB0F30-54D8-47A3-B581-721AB7BE0FC0}.Release|Any CPU.Build.0 = Release|Any CPU
	EndGlobalSection
	GlobalSection(SolutionProperties) = preSolution
		HideSolutionNode = FALSE
	EndGlobalSection
	GlobalSection(NestedProjects) = preSolution
		{E080FDE1-20AC-4F11-BF48-6E85B21649DC} = {CFBCD30D-5D7E-4959-9B37-B3117B604681}
		{84F07198-A80C-43D3-A8C9-0051B615CF1D} = {849A67A6-C36D-443D-A478-AA25D4DBEA43}
		{D6151EDE-69FD-478D-8180-F89718FC2CD2} = {76659F5D-203F-49A1-9021-DBF161770C85}
		{E4B57CFA-07B1-40B1-A5DE-3DEAC53902E3} = {EA3591DC-C894-4D14-99DF-610B8BA3BD64}
		{DFB4A254-1B0E-4388-B8A9-BE837789BF18} = {849A67A6-C36D-443D-A478-AA25D4DBEA43}
		{12F285B2-8EF5-4706-BC89-643C5627D548} = {76659F5D-203F-49A1-9021-DBF161770C85}
		{5587F64C-F733-4DFA-A475-D9EBA9084486} = {F78B8AA1-3678-4B66-B678-DB37E6DF6CD1}
		{FDEB0F30-54D8-47A3-B581-721AB7BE0FC0} = {C0A2D588-48BB-4833-9A1F-CF164DD662E5}
	EndGlobalSection
	GlobalSection(ExtensibilityGlobals) = postSolution
		SolutionGuid = {948461EE-11FF-47A3-BF9B-86DED38C5EE6}
	EndGlobalSection
EndGlobal
